
Microsoft Visual Studio Solution File, Format Version 12.00
# Visual Studio Version 16
VisualStudioVersion = 16.0.30717.126
MinimumVisualStudioVersion = 10.0.40219.1
Project("{FAE04EC0-301F-11D3-BF4B-00C04F79EFBC}") = "test", "test.csproj", "{B67A243A-B62E-464F-BB27-111B61A134C5}"
EndProject
Global
	GlobalSection(SolutionConfigurationPlatforms) = preSolution
		Debug|Any CPU = Debug|Any CPU
		Release|Any CPU = Release|Any CPU
	EndGlobalSection
	GlobalSection(ProjectConfigurationPlatforms) = postSolution
		{B67A243A-B62E-464F-BB27-111B61A134C5}.Debug|Any CPU.ActiveCfg = Debug|Any CPU
		{B67A243A-B62E-464F-BB27-111B61A134C5}.Debug|Any CPU.Build.0 = Debug|Any CPU
		{B67A243A-B62E-464F-BB27-111B61A134C5}.Release|Any CPU.ActiveCfg = Release|Any CPU
		{B67A243A-B62E-464F-BB27-111B61A134C5}.Release|Any CPU.Build.0 = Release|Any CPU
	EndGlobalSection
	GlobalSection(SolutionProperties) = preSolution
		HideSolutionNode = FALSE
	EndGlobalSection
	GlobalSection(ExtensibilityGlobals) = postSolution
		SolutionGuid = {6C8993DB-F6CA-4513-86F3-EAB40E09C7AF}
	EndGlobalSection
EndGlobal
