
Microsoft Visual Studio Solution File, Format Version 12.00
# Visual Studio Version 16
VisualStudioVersion = 16.0.30717.126
MinimumVisualStudioVersion = 10.0.40219.1
Project("{FAE04EC0-301F-11D3-BF4B-00C04F79EFBC}") = "TEST2", "TEST2.csproj", "{BDD47E23-8F17-4E1A-BB0E-ADDE28F1306B}"
EndProject
Global
	GlobalSection(SolutionConfigurationPlatforms) = preSolution
		Debug|Any CPU = Debug|Any CPU
		Release|Any CPU = Release|Any CPU
	EndGlobalSection
	GlobalSection(ProjectConfigurationPlatforms) = postSolution
		{BDD47E23-8F17-4E1A-BB0E-ADDE28F1306B}.Debug|Any CPU.ActiveCfg = Debug|Any CPU
		{BDD47E23-8F17-4E1A-BB0E-ADDE28F1306B}.Debug|Any CPU.Build.0 = Debug|Any CPU
		{BDD47E23-8F17-4E1A-BB0E-ADDE28F1306B}.Release|Any CPU.ActiveCfg = Release|Any CPU
		{BDD47E23-8F17-4E1A-BB0E-ADDE28F1306B}.Release|Any CPU.Build.0 = Release|Any CPU
	EndGlobalSection
	GlobalSection(SolutionProperties) = preSolution
		HideSolutionNode = FALSE
	EndGlobalSection
	GlobalSection(ExtensibilityGlobals) = postSolution
		SolutionGuid = {262E2F0B-4160-40F8-8970-5A410AF51D08}
	EndGlobalSection
EndGlobal
